// !$*UTF8*$!
{
	archiveVersion = 1;
	classes = {
	};
	objectVersion = 55;
	objects = {

/* Begin PBXBuildFile section */
		97559F46288BF35000142E2A /* UIViewController+Extension.swift in Sources */ = {isa = PBXBuildFile; fileRef = 97559F45288BF35000142E2A /* UIViewController+Extension.swift */; };
		97559F4A288C35C000142E2A /* Status.swift in Sources */ = {isa = PBXBuildFile; fileRef = 97559F49288C35C000142E2A /* Status.swift */; };
		97559F52288D720A00142E2A /* SelectViewController.swift in Sources */ = {isa = PBXBuildFile; fileRef = 97559F51288D720A00142E2A /* SelectViewController.swift */; };
		97559F54288D757500142E2A /* SelectCollectionViewCell.swift in Sources */ = {isa = PBXBuildFile; fileRef = 97559F53288D757500142E2A /* SelectCollectionViewCell.swift */; };
		977DC769288A7B5800C0A253 /* AppDelegate.swift in Sources */ = {isa = PBXBuildFile; fileRef = 977DC768288A7B5800C0A253 /* AppDelegate.swift */; };
		977DC76B288A7B5800C0A253 /* SceneDelegate.swift in Sources */ = {isa = PBXBuildFile; fileRef = 977DC76A288A7B5800C0A253 /* SceneDelegate.swift */; };
		977DC772288A7B5900C0A253 /* Assets.xcassets in Resources */ = {isa = PBXBuildFile; fileRef = 977DC771288A7B5900C0A253 /* Assets.xcassets */; };
		977DC775288A7B5900C0A253 /* LaunchScreen.storyboard in Resources */ = {isa = PBXBuildFile; fileRef = 977DC773288A7B5900C0A253 /* LaunchScreen.storyboard */; };
		977DC784288A84F900C0A253 /* Select.storyboard in Resources */ = {isa = PBXBuildFile; fileRef = 977DC783288A84F900C0A253 /* Select.storyboard */; };
		977DC78A288A89B700C0A253 /* UIColor+Extension.swift in Sources */ = {isa = PBXBuildFile; fileRef = 977DC789288A89B700C0A253 /* UIColor+Extension.swift */; };
		977DC78E288AA5CD00C0A253 /* Tamagotchi.swift in Sources */ = {isa = PBXBuildFile; fileRef = 977DC78D288AA5CD00C0A253 /* Tamagotchi.swift */; };
		977DC790288AAFD600C0A253 /* Detail.storyboard in Resources */ = {isa = PBXBuildFile; fileRef = 977DC78F288AAFD600C0A253 /* Detail.storyboard */; };
		977DC792288AAFDF00C0A253 /* DetailViewController.swift in Sources */ = {isa = PBXBuildFile; fileRef = 977DC791288AAFDF00C0A253 /* DetailViewController.swift */; };
		977DC794288AD91D00C0A253 /* Main.storyboard in Resources */ = {isa = PBXBuildFile; fileRef = 977DC793288AD91D00C0A253 /* Main.storyboard */; };
		977DC796288AD92800C0A253 /* MainViewController.swift in Sources */ = {isa = PBXBuildFile; fileRef = 977DC795288AD92800C0A253 /* MainViewController.swift */; };
		977DC798288AEDEB00C0A253 /* Setting.storyboard in Resources */ = {isa = PBXBuildFile; fileRef = 977DC797288AEDEB00C0A253 /* Setting.storyboard */; };
		977DC79A288AEDF700C0A253 /* SettingTableViewController.swift in Sources */ = {isa = PBXBuildFile; fileRef = 977DC799288AEDF700C0A253 /* SettingTableViewController.swift */; };
		977DC79C288AF14F00C0A253 /* SettingTableList.swift in Sources */ = {isa = PBXBuildFile; fileRef = 977DC79B288AF14F00C0A253 /* SettingTableList.swift */; };
		977DC79E288AFBAF00C0A253 /* SettingTableViewCell.swift in Sources */ = {isa = PBXBuildFile; fileRef = 977DC79D288AFBAF00C0A253 /* SettingTableViewCell.swift */; };
		977DC7A0288B0B6A00C0A253 /* Name.storyboard in Resources */ = {isa = PBXBuildFile; fileRef = 977DC79F288B0B6A00C0A253 /* Name.storyboard */; };
		977DC7A2288B0B7B00C0A253 /* NameViewController.swift in Sources */ = {isa = PBXBuildFile; fileRef = 977DC7A1288B0B7B00C0A253 /* NameViewController.swift */; };
/* End PBXBuildFile section */

/* Begin PBXFileReference section */
		97559F45288BF35000142E2A /* UIViewController+Extension.swift */ = {isa = PBXFileReference; lastKnownFileType = sourcecode.swift; path = "UIViewController+Extension.swift"; sourceTree = "<group>"; };
		97559F49288C35C000142E2A /* Status.swift */ = {isa = PBXFileReference; lastKnownFileType = sourcecode.swift; path = Status.swift; sourceTree = "<group>"; };
		97559F51288D720A00142E2A /* SelectViewController.swift */ = {isa = PBXFileReference; lastKnownFileType = sourcecode.swift; path = SelectViewController.swift; sourceTree = "<group>"; };
		97559F53288D757500142E2A /* SelectCollectionViewCell.swift */ = {isa = PBXFileReference; lastKnownFileType = sourcecode.swift; path = SelectCollectionViewCell.swift; sourceTree = "<group>"; };
		977DC765288A7B5800C0A253 /* Tamagotchi.app */ = {isa = PBXFileReference; explicitFileType = wrapper.application; includeInIndex = 0; path = Tamagotchi.app; sourceTree = BUILT_PRODUCTS_DIR; };
		977DC768288A7B5800C0A253 /* AppDelegate.swift */ = {isa = PBXFileReference; lastKnownFileType = sourcecode.swift; path = AppDelegate.swift; sourceTree = "<group>"; };
		977DC76A288A7B5800C0A253 /* SceneDelegate.swift */ = {isa = PBXFileReference; lastKnownFileType = sourcecode.swift; path = SceneDelegate.swift; sourceTree = "<group>"; };
		977DC771288A7B5900C0A253 /* Assets.xcassets */ = {isa = PBXFileReference; lastKnownFileType = folder.assetcatalog; path = Assets.xcassets; sourceTree = "<group>"; };
		977DC774288A7B5900C0A253 /* Base */ = {isa = PBXFileReference; lastKnownFileType = file.storyboard; name = Base; path = Base.lproj/LaunchScreen.storyboard; sourceTree = "<group>"; };
		977DC776288A7B5900C0A253 /* Info.plist */ = {isa = PBXFileReference; lastKnownFileType = text.plist.xml; path = Info.plist; sourceTree = "<group>"; };
		977DC783288A84F900C0A253 /* Select.storyboard */ = {isa = PBXFileReference; lastKnownFileType = file.storyboard; path = Select.storyboard; sourceTree = "<group>"; };
		977DC789288A89B700C0A253 /* UIColor+Extension.swift */ = {isa = PBXFileReference; lastKnownFileType = sourcecode.swift; path = "UIColor+Extension.swift"; sourceTree = "<group>"; };
		977DC78D288AA5CD00C0A253 /* Tamagotchi.swift */ = {isa = PBXFileReference; lastKnownFileType = sourcecode.swift; path = Tamagotchi.swift; sourceTree = "<group>"; };
		977DC78F288AAFD600C0A253 /* Detail.storyboard */ = {isa = PBXFileReference; lastKnownFileType = file.storyboard; path = Detail.storyboard; sourceTree = "<group>"; };
		977DC791288AAFDF00C0A253 /* DetailViewController.swift */ = {isa = PBXFileReference; lastKnownFileType = sourcecode.swift; path = DetailViewController.swift; sourceTree = "<group>"; };
		977DC793288AD91D00C0A253 /* Main.storyboard */ = {isa = PBXFileReference; lastKnownFileType = file.storyboard; path = Main.storyboard; sourceTree = "<group>"; };
		977DC795288AD92800C0A253 /* MainViewController.swift */ = {isa = PBXFileReference; lastKnownFileType = sourcecode.swift; path = MainViewController.swift; sourceTree = "<group>"; };
		977DC797288AEDEB00C0A253 /* Setting.storyboard */ = {isa = PBXFileReference; lastKnownFileType = file.storyboard; path = Setting.storyboard; sourceTree = "<group>"; };
		977DC799288AEDF700C0A253 /* SettingTableViewController.swift */ = {isa = PBXFileReference; lastKnownFileType = sourcecode.swift; path = SettingTableViewController.swift; sourceTree = "<group>"; };
		977DC79B288AF14F00C0A253 /* SettingTableList.swift */ = {isa = PBXFileReference; lastKnownFileType = sourcecode.swift; path = SettingTableList.swift; sourceTree = "<group>"; };
		977DC79D288AFBAF00C0A253 /* SettingTableViewCell.swift */ = {isa = PBXFileReference; lastKnownFileType = sourcecode.swift; path = SettingTableViewCell.swift; sourceTree = "<group>"; };
		977DC79F288B0B6A00C0A253 /* Name.storyboard */ = {isa = PBXFileReference; lastKnownFileType = file.storyboard; path = Name.storyboard; sourceTree = "<group>"; };
		977DC7A1288B0B7B00C0A253 /* NameViewController.swift */ = {isa = PBXFileReference; lastKnownFileType = sourcecode.swift; path = NameViewController.swift; sourceTree = "<group>"; };
/* End PBXFileReference section */

/* Begin PBXFrameworksBuildPhase section */
		977DC762288A7B5800C0A253 /* Frameworks */ = {
			isa = PBXFrameworksBuildPhase;
			buildActionMask = 2147483647;
			files = (
			);
			runOnlyForDeploymentPostprocessing = 0;
		};
/* End PBXFrameworksBuildPhase section */

/* Begin PBXGroup section */
		977DC75C288A7B5800C0A253 = {
			isa = PBXGroup;
			children = (
				977DC767288A7B5800C0A253 /* Tamagotchi */,
				977DC766288A7B5800C0A253 /* Products */,
			);
			sourceTree = "<group>";
		};
		977DC766288A7B5800C0A253 /* Products */ = {
			isa = PBXGroup;
			children = (
				977DC765288A7B5800C0A253 /* Tamagotchi.app */,
			);
			name = Products;
			sourceTree = "<group>";
		};
		977DC767288A7B5800C0A253 /* Tamagotchi */ = {
			isa = PBXGroup;
			children = (
				977DC768288A7B5800C0A253 /* AppDelegate.swift */,
				977DC76A288A7B5800C0A253 /* SceneDelegate.swift */,
				977DC771288A7B5900C0A253 /* Assets.xcassets */,
				977DC773288A7B5900C0A253 /* LaunchScreen.storyboard */,
				977DC776288A7B5900C0A253 /* Info.plist */,
				977DC782288A849D00C0A253 /* Select */,
				977DC781288A849B00C0A253 /* Detail */,
				977DC77E288A849100C0A253 /* Main */,
				977DC780288A849900C0A253 /* Setting */,
				977DC77F288A849700C0A253 /* Name */,
				977DC78B288A8C4400C0A253 /* Extension */,
				977DC78C288AA5B600C0A253 /* Struct */,
			);
			path = Tamagotchi;
			sourceTree = "<group>";
		};
		977DC77E288A849100C0A253 /* Main */ = {
			isa = PBXGroup;
			children = (
				977DC793288AD91D00C0A253 /* Main.storyboard */,
				977DC795288AD92800C0A253 /* MainViewController.swift */,
			);
			path = Main;
			sourceTree = "<group>";
		};
		977DC77F288A849700C0A253 /* Name */ = {
			isa = PBXGroup;
			children = (
				977DC79F288B0B6A00C0A253 /* Name.storyboard */,
				977DC7A1288B0B7B00C0A253 /* NameViewController.swift */,
			);
			path = Name;
			sourceTree = "<group>";
		};
		977DC780288A849900C0A253 /* Setting */ = {
			isa = PBXGroup;
			children = (
				977DC797288AEDEB00C0A253 /* Setting.storyboard */,
				977DC799288AEDF700C0A253 /* SettingTableViewController.swift */,
				977DC79D288AFBAF00C0A253 /* SettingTableViewCell.swift */,
			);
			path = Setting;
			sourceTree = "<group>";
		};
		977DC781288A849B00C0A253 /* Detail */ = {
			isa = PBXGroup;
			children = (
				977DC78F288AAFD600C0A253 /* Detail.storyboard */,
				977DC791288AAFDF00C0A253 /* DetailViewController.swift */,
			);
			path = Detail;
			sourceTree = "<group>";
		};
		977DC782288A849D00C0A253 /* Select */ = {
			isa = PBXGroup;
			children = (
				977DC783288A84F900C0A253 /* Select.storyboard */,
				97559F51288D720A00142E2A /* SelectViewController.swift */,
				97559F53288D757500142E2A /* SelectCollectionViewCell.swift */,
			);
			path = Select;
			sourceTree = "<group>";
		};
		977DC78B288A8C4400C0A253 /* Extension */ = {
			isa = PBXGroup;
			children = (
				977DC789288A89B700C0A253 /* UIColor+Extension.swift */,
				97559F45288BF35000142E2A /* UIViewController+Extension.swift */,
			);
			path = Extension;
			sourceTree = "<group>";
		};
		977DC78C288AA5B600C0A253 /* Struct */ = {
			isa = PBXGroup;
			children = (
				977DC78D288AA5CD00C0A253 /* Tamagotchi.swift */,
				977DC79B288AF14F00C0A253 /* SettingTableList.swift */,
				97559F49288C35C000142E2A /* Status.swift */,
			);
			path = Struct;
			sourceTree = "<group>";
		};
/* End PBXGroup section */

/* Begin PBXNativeTarget section */
		977DC764288A7B5800C0A253 /* Tamagotchi */ = {
			isa = PBXNativeTarget;
			buildConfigurationList = 977DC779288A7B5900C0A253 /* Build configuration list for PBXNativeTarget "Tamagotchi" */;
			buildPhases = (
				977DC761288A7B5800C0A253 /* Sources */,
				977DC762288A7B5800C0A253 /* Frameworks */,
				977DC763288A7B5800C0A253 /* Resources */,
			);
			buildRules = (
			);
			dependencies = (
			);
			name = Tamagotchi;
			packageProductDependencies = (
			);
			productName = Tamagotchi;
			productReference = 977DC765288A7B5800C0A253 /* Tamagotchi.app */;
			productType = "com.apple.product-type.application";
		};
/* End PBXNativeTarget section */

/* Begin PBXProject section */
		977DC75D288A7B5800C0A253 /* Project object */ = {
			isa = PBXProject;
			attributes = {
				BuildIndependentTargetsInParallel = 1;
				LastSwiftUpdateCheck = 1340;
				LastUpgradeCheck = 1340;
				TargetAttributes = {
					977DC764288A7B5800C0A253 = {
						CreatedOnToolsVersion = 13.4.1;
					};
				};
			};
			buildConfigurationList = 977DC760288A7B5800C0A253 /* Build configuration list for PBXProject "Tamagotchi" */;
			compatibilityVersion = "Xcode 13.0";
			developmentRegion = en;
			hasScannedForEncodings = 0;
			knownRegions = (
				en,
				Base,
			);
			mainGroup = 977DC75C288A7B5800C0A253;
			packageReferences = (
			);
			productRefGroup = 977DC766288A7B5800C0A253 /* Products */;
			projectDirPath = "";
			projectRoot = "";
			targets = (
				977DC764288A7B5800C0A253 /* Tamagotchi */,
			);
		};
/* End PBXProject section */

/* Begin PBXResourcesBuildPhase section */
		977DC763288A7B5800C0A253 /* Resources */ = {
			isa = PBXResourcesBuildPhase;
			buildActionMask = 2147483647;
			files = (
				977DC775288A7B5900C0A253 /* LaunchScreen.storyboard in Resources */,
				977DC794288AD91D00C0A253 /* Main.storyboard in Resources */,
				977DC784288A84F900C0A253 /* Select.storyboard in Resources */,
				977DC772288A7B5900C0A253 /* Assets.xcassets in Resources */,
				977DC7A0288B0B6A00C0A253 /* Name.storyboard in Resources */,
				977DC790288AAFD600C0A253 /* Detail.storyboard in Resources */,
				977DC798288AEDEB00C0A253 /* Setting.storyboard in Resources */,
			);
			runOnlyForDeploymentPostprocessing = 0;
		};
/* End PBXResourcesBuildPhase section */

/* Begin PBXSourcesBuildPhase section */
		977DC761288A7B5800C0A253 /* Sources */ = {
			isa = PBXSourcesBuildPhase;
			buildActionMask = 2147483647;
			files = (
				97559F54288D757500142E2A /* SelectCollectionViewCell.swift in Sources */,
				977DC79E288AFBAF00C0A253 /* SettingTableViewCell.swift in Sources */,
				97559F46288BF35000142E2A /* UIViewController+Extension.swift in Sources */,
				977DC78A288A89B700C0A253 /* UIColor+Extension.swift in Sources */,
				977DC769288A7B5800C0A253 /* AppDelegate.swift in Sources */,
				977DC78E288AA5CD00C0A253 /* Tamagotchi.swift in Sources */,
				97559F52288D720A00142E2A /* SelectViewController.swift in Sources */,
				977DC79C288AF14F00C0A253 /* SettingTableList.swift in Sources */,
				977DC76B288A7B5800C0A253 /* SceneDelegate.swift in Sources */,
				97559F4A288C35C000142E2A /* Status.swift in Sources */,
				977DC79A288AEDF700C0A253 /* SettingTableViewController.swift in Sources */,
				977DC792288AAFDF00C0A253 /* DetailViewController.swift in Sources */,
				977DC796288AD92800C0A253 /* MainViewController.swift in Sources */,
				977DC7A2288B0B7B00C0A253 /* NameViewController.swift in Sources */,
			);
			runOnlyForDeploymentPostprocessing = 0;
		};
/* End PBXSourcesBuildPhase section */

/* Begin PBXVariantGroup section */
		977DC773288A7B5900C0A253 /* LaunchScreen.storyboard */ = {
			isa = PBXVariantGroup;
			children = (
				977DC774288A7B5900C0A253 /* Base */,
			);
			name = LaunchScreen.storyboard;
			sourceTree = "<group>";
		};
/* End PBXVariantGroup section */

/* Begin XCBuildConfiguration section */
		977DC777288A7B5900C0A253 /* Debug */ = {
			isa = XCBuildConfiguration;
			buildSettings = {
				ALWAYS_SEARCH_USER_PATHS = NO;
				CLANG_ANALYZER_NONNULL = YES;
				CLANG_ANALYZER_NUMBER_OBJECT_CONVERSION = YES_AGGRESSIVE;
				CLANG_CXX_LANGUAGE_STANDARD = "gnu++17";
				CLANG_ENABLE_MODULES = YES;
				CLANG_ENABLE_OBJC_ARC = YES;
				CLANG_ENABLE_OBJC_WEAK = YES;
				CLANG_WARN_BLOCK_CAPTURE_AUTORELEASING = YES;
				CLANG_WARN_BOOL_CONVERSION = YES;
				CLANG_WARN_COMMA = YES;
				CLANG_WARN_CONSTANT_CONVERSION = YES;
				CLANG_WARN_DEPRECATED_OBJC_IMPLEMENTATIONS = YES;
				CLANG_WARN_DIRECT_OBJC_ISA_USAGE = YES_ERROR;
				CLANG_WARN_DOCUMENTATION_COMMENTS = YES;
				CLANG_WARN_EMPTY_BODY = YES;
				CLANG_WARN_ENUM_CONVERSION = YES;
				CLANG_WARN_INFINITE_RECURSION = YES;
				CLANG_WARN_INT_CONVERSION = YES;
				CLANG_WARN_NON_LITERAL_NULL_CONVERSION = YES;
				CLANG_WARN_OBJC_IMPLICIT_RETAIN_SELF = YES;
				CLANG_WARN_OBJC_LITERAL_CONVERSION = YES;
				CLANG_WARN_OBJC_ROOT_CLASS = YES_ERROR;
				CLANG_WARN_QUOTED_INCLUDE_IN_FRAMEWORK_HEADER = YES;
				CLANG_WARN_RANGE_LOOP_ANALYSIS = YES;
				CLANG_WARN_STRICT_PROTOTYPES = YES;
				CLANG_WARN_SUSPICIOUS_MOVE = YES;
				CLANG_WARN_UNGUARDED_AVAILABILITY = YES_AGGRESSIVE;
				CLANG_WARN_UNREACHABLE_CODE = YES;
				CLANG_WARN__DUPLICATE_METHOD_MATCH = YES;
				COPY_PHASE_STRIP = NO;
				DEBUG_INFORMATION_FORMAT = dwarf;
				ENABLE_STRICT_OBJC_MSGSEND = YES;
				ENABLE_TESTABILITY = YES;
				GCC_C_LANGUAGE_STANDARD = gnu11;
				GCC_DYNAMIC_NO_PIC = NO;
				GCC_NO_COMMON_BLOCKS = YES;
				GCC_OPTIMIZATION_LEVEL = 0;
				GCC_PREPROCESSOR_DEFINITIONS = (
					"DEBUG=1",
					"$(inherited)",
				);
				GCC_WARN_64_TO_32_BIT_CONVERSION = YES;
				GCC_WARN_ABOUT_RETURN_TYPE = YES_ERROR;
				GCC_WARN_UNDECLARED_SELECTOR = YES;
				GCC_WARN_UNINITIALIZED_AUTOS = YES_AGGRESSIVE;
				GCC_WARN_UNUSED_FUNCTION = YES;
				GCC_WARN_UNUSED_VARIABLE = YES;
				IPHONEOS_DEPLOYMENT_TARGET = 15.5;
				MTL_ENABLE_DEBUG_INFO = INCLUDE_SOURCE;
				MTL_FAST_MATH = YES;
				ONLY_ACTIVE_ARCH = YES;
				SDKROOT = iphoneos;
				SWIFT_ACTIVE_COMPILATION_CONDITIONS = DEBUG;
				SWIFT_OPTIMIZATION_LEVEL = "-Onone";
			};
			name = Debug;
		};
		977DC778288A7B5900C0A253 /* Release */ = {
			isa = XCBuildConfiguration;
			buildSettings = {
				ALWAYS_SEARCH_USER_PATHS = NO;
				CLANG_ANALYZER_NONNULL = YES;
				CLANG_ANALYZER_NUMBER_OBJECT_CONVERSION = YES_AGGRESSIVE;
				CLANG_CXX_LANGUAGE_STANDARD = "gnu++17";
				CLANG_ENABLE_MODULES = YES;
				CLANG_ENABLE_OBJC_ARC = YES;
				CLANG_ENABLE_OBJC_WEAK = YES;
				CLANG_WARN_BLOCK_CAPTURE_AUTORELEASING = YES;
				CLANG_WARN_BOOL_CONVERSION = YES;
				CLANG_WARN_COMMA = YES;
				CLANG_WARN_CONSTANT_CONVERSION = YES;
				CLANG_WARN_DEPRECATED_OBJC_IMPLEMENTATIONS = YES;
				CLANG_WARN_DIRECT_OBJC_ISA_USAGE = YES_ERROR;
				CLANG_WARN_DOCUMENTATION_COMMENTS = YES;
				CLANG_WARN_EMPTY_BODY = YES;
				CLANG_WARN_ENUM_CONVERSION = YES;
				CLANG_WARN_INFINITE_RECURSION = YES;
				CLANG_WARN_INT_CONVERSION = YES;
				CLANG_WARN_NON_LITERAL_NULL_CONVERSION = YES;
				CLANG_WARN_OBJC_IMPLICIT_RETAIN_SELF = YES;
				CLANG_WARN_OBJC_LITERAL_CONVERSION = YES;
				CLANG_WARN_OBJC_ROOT_CLASS = YES_ERROR;
				CLANG_WARN_QUOTED_INCLUDE_IN_FRAMEWORK_HEADER = YES;
				CLANG_WARN_RANGE_LOOP_ANALYSIS = YES;
				CLANG_WARN_STRICT_PROTOTYPES = YES;
				CLANG_WARN_SUSPICIOUS_MOVE = YES;
				CLANG_WARN_UNGUARDED_AVAILABILITY = YES_AGGRESSIVE;
				CLANG_WARN_UNREACHABLE_CODE = YES;
				CLANG_WARN__DUPLICATE_METHOD_MATCH = YES;
				COPY_PHASE_STRIP = NO;
				DEBUG_INFORMATION_FORMAT = "dwarf-with-dsym";
				ENABLE_NS_ASSERTIONS = NO;
				ENABLE_STRICT_OBJC_MSGSEND = YES;
				GCC_C_LANGUAGE_STANDARD = gnu11;
				GCC_NO_COMMON_BLOCKS = YES;
				GCC_WARN_64_TO_32_BIT_CONVERSION = YES;
				GCC_WARN_ABOUT_RETURN_TYPE = YES_ERROR;
				GCC_WARN_UNDECLARED_SELECTOR = YES;
				GCC_WARN_UNINITIALIZED_AUTOS = YES_AGGRESSIVE;
				GCC_WARN_UNUSED_FUNCTION = YES;
				GCC_WARN_UNUSED_VARIABLE = YES;
				IPHONEOS_DEPLOYMENT_TARGET = 15.5;
				MTL_ENABLE_DEBUG_INFO = NO;
				MTL_FAST_MATH = YES;
				SDKROOT = iphoneos;
				SWIFT_COMPILATION_MODE = wholemodule;
				SWIFT_OPTIMIZATION_LEVEL = "-O";
				VALIDATE_PRODUCT = YES;
			};
			name = Release;
		};
		977DC77A288A7B5900C0A253 /* Debug */ = {
			isa = XCBuildConfiguration;
			buildSettings = {
				ASSETCATALOG_COMPILER_APPICON_NAME = AppIcon;
				ASSETCATALOG_COMPILER_GLOBAL_ACCENT_COLOR_NAME = AccentColor;
				CODE_SIGN_STYLE = Automatic;
				CURRENT_PROJECT_VERSION = 1;
				DEVELOPMENT_TEAM = 3C6U386B4C;
				GENERATE_INFOPLIST_FILE = YES;
				INFOPLIST_FILE = Tamagotchi/Info.plist;
				INFOPLIST_KEY_CFBundleDisplayName = "윤희철";
				INFOPLIST_KEY_UIApplicationSupportsIndirectInputEvents = YES;
				INFOPLIST_KEY_UILaunchStoryboardName = LaunchScreen;
				INFOPLIST_KEY_UIMainStoryboardFile = Select;
				INFOPLIST_KEY_UISupportedInterfaceOrientations = UIInterfaceOrientationPortrait;
				INFOPLIST_KEY_UISupportedInterfaceOrientations_iPad = "UIInterfaceOrientationPortrait UIInterfaceOrientationPortraitUpsideDown UIInterfaceOrientationLandscapeLeft UIInterfaceOrientationLandscapeRight";
				INFOPLIST_KEY_UISupportedInterfaceOrientations_iPhone = UIInterfaceOrientationPortrait;
				IPHONEOS_DEPLOYMENT_TARGET = 15.0;
				LD_RUNPATH_SEARCH_PATHS = (
					"$(inherited)",
					"@executable_path/Frameworks",
				);
				MARKETING_VERSION = 1.0;
				PRODUCT_BUNDLE_IDENTIFIER = com.hee.Tamagotchi;
				PRODUCT_NAME = "$(TARGET_NAME)";
				SWIFT_EMIT_LOC_STRINGS = YES;
				SWIFT_VERSION = 5.0;
				TARGETED_DEVICE_FAMILY = "1,2";
			};
			name = Debug;
		};
		977DC77B288A7B5900C0A253 /* Release */ = {
			isa = XCBuildConfiguration;
			buildSettings = {
				ASSETCATALOG_COMPILER_APPICON_NAME = AppIcon;
				ASSETCATALOG_COMPILER_GLOBAL_ACCENT_COLOR_NAME = AccentColor;
				CODE_SIGN_STYLE = Automatic;
				CURRENT_PROJECT_VERSION = 1;
				DEVELOPMENT_TEAM = 3C6U386B4C;
				GENERATE_INFOPLIST_FILE = YES;
				INFOPLIST_FILE = Tamagotchi/Info.plist;
				INFOPLIST_KEY_CFBundleDisplayName = "윤희철";
				INFOPLIST_KEY_UIApplicationSupportsIndirectInputEvents = YES;
				INFOPLIST_KEY_UILaunchStoryboardName = LaunchScreen;
				INFOPLIST_KEY_UIMainStoryboardFile = Select;
				INFOPLIST_KEY_UISupportedInterfaceOrientations = UIInterfaceOrientationPortrait;
				INFOPLIST_KEY_UISupportedInterfaceOrientations_iPad = "UIInterfaceOrientationPortrait UIInterfaceOrientationPortraitUpsideDown UIInterfaceOrientationLandscapeLeft UIInterfaceOrientationLandscapeRight";
				INFOPLIST_KEY_UISupportedInterfaceOrientations_iPhone = UIInterfaceOrientationPortrait;
				IPHONEOS_DEPLOYMENT_TARGET = 15.0;
				LD_RUNPATH_SEARCH_PATHS = (
					"$(inherited)",
					"@executable_path/Frameworks",
				);
				MARKETING_VERSION = 1.0;
				PRODUCT_BUNDLE_IDENTIFIER = com.hee.Tamagotchi;
				PRODUCT_NAME = "$(TARGET_NAME)";
				SWIFT_EMIT_LOC_STRINGS = YES;
				SWIFT_VERSION = 5.0;
				TARGETED_DEVICE_FAMILY = "1,2";
			};
			name = Release;
		};
/* End XCBuildConfiguration section */

/* Begin XCConfigurationList section */
		977DC760288A7B5800C0A253 /* Build configuration list for PBXProject "Tamagotchi" */ = {
			isa = XCConfigurationList;
			buildConfigurations = (
				977DC777288A7B5900C0A253 /* Debug */,
				977DC778288A7B5900C0A253 /* Release */,
			);
			defaultConfigurationIsVisible = 0;
			defaultConfigurationName = Release;
		};
		977DC779288A7B5900C0A253 /* Build configuration list for PBXNativeTarget "Tamagotchi" */ = {
			isa = XCConfigurationList;
			buildConfigurations = (
				977DC77A288A7B5900C0A253 /* Debug */,
				977DC77B288A7B5900C0A253 /* Release */,
			);
			defaultConfigurationIsVisible = 0;
			defaultConfigurationName = Release;
		};
/* End XCConfigurationList section */
	};
	rootObject = 977DC75D288A7B5800C0A253 /* Project object */;
}
